// !$*UTF8*$!
{
	archiveVersion = 1;
	classes = {
	};
	objectVersion = 50;
	objects = {

/* Begin PBXBuildFile section */
		1824E0C645C886DE8B34AA35 /* Pods_WeatherReport.framework in Frameworks */ = {isa = PBXBuildFile; fileRef = 4837DD4536DB49754117081C /* Pods_WeatherReport.framework */; };
		4A02B22149DEB91003CC6B5A /* Pods_WeatherReportTests.framework in Frameworks */ = {isa = PBXBuildFile; fileRef = 3D386D10E00934692638EA8D /* Pods_WeatherReportTests.framework */; };
		4D7C36AC22E5F95800D894F1 /* String+Utility.swift in Sources */ = {isa = PBXBuildFile; fileRef = 4D7C36AB22E5F95800D894F1 /* String+Utility.swift */; };
		4DBE4A2722E2D12E0059A9BE /* WRMainAppDelegate.swift in Sources */ = {isa = PBXBuildFile; fileRef = 4DBE4A2622E2D12E0059A9BE /* WRMainAppDelegate.swift */; };
		4DBE4A2922E2D12E0059A9BE /* WRMainViewController.swift in Sources */ = {isa = PBXBuildFile; fileRef = 4DBE4A2822E2D12E0059A9BE /* WRMainViewController.swift */; };
		4DBE4A2C22E2D12E0059A9BE /* Main.storyboard in Resources */ = {isa = PBXBuildFile; fileRef = 4DBE4A2A22E2D12E0059A9BE /* Main.storyboard */; };
		4DBE4A2E22E2D1320059A9BE /* Assets.xcassets in Resources */ = {isa = PBXBuildFile; fileRef = 4DBE4A2D22E2D1320059A9BE /* Assets.xcassets */; };
		4DBE4A3122E2D1320059A9BE /* LaunchScreen.storyboard in Resources */ = {isa = PBXBuildFile; fileRef = 4DBE4A2F22E2D1320059A9BE /* LaunchScreen.storyboard */; };
		4DBE4A3C22E2D1330059A9BE /* WeatherReportModelTests.swift in Sources */ = {isa = PBXBuildFile; fileRef = 4DBE4A3B22E2D1330059A9BE /* WeatherReportModelTests.swift */; };
		4DBE4A4722E2D1330059A9BE /* WeatherReportUITests.swift in Sources */ = {isa = PBXBuildFile; fileRef = 4DBE4A4622E2D1330059A9BE /* WeatherReportUITests.swift */; };
		5B6B82A522E5569600C6E7C5 /* InfoPlist.strings in Resources */ = {isa = PBXBuildFile; fileRef = 5B6B829D22E5569600C6E7C5 /* InfoPlist.strings */; };
		5B6B82A622E5569600C6E7C5 /* Localizable.strings in Resources */ = {isa = PBXBuildFile; fileRef = 5B6B829F22E5569600C6E7C5 /* Localizable.strings */; };
		5B6B82A922E5597300C6E7C5 /* WRLocalizeMgr.swift in Sources */ = {isa = PBXBuildFile; fileRef = 5B6B82A822E5597300C6E7C5 /* WRLocalizeMgr.swift */; };
		5B6B82AC22E5650000C6E7C5 /* WRDALConstants.swift in Sources */ = {isa = PBXBuildFile; fileRef = 5B6B82AB22E5650000C6E7C5 /* WRDALConstants.swift */; };
		5B6B82AE22E57D3000C6E7C5 /* supportedCityList.plist in Resources */ = {isa = PBXBuildFile; fileRef = 5B6B82AD22E57D3000C6E7C5 /* supportedCityList.plist */; };
		5B6B82B222E5837700C6E7C5 /* WRDALManager.swift in Sources */ = {isa = PBXBuildFile; fileRef = 5B6B82B122E5837700C6E7C5 /* WRDALManager.swift */; };
		5B6B82B422E5893F00C6E7C5 /* WRDALModel.swift in Sources */ = {isa = PBXBuildFile; fileRef = 5B6B82B322E5893F00C6E7C5 /* WRDALModel.swift */; };
		5B6B82B722E58C6F00C6E7C5 /* Date+Utility.swift in Sources */ = {isa = PBXBuildFile; fileRef = 5B6B82B622E58C6F00C6E7C5 /* Date+Utility.swift */; };
		5B6B82BA22E58CC100C6E7C5 /* WRToolsConstants.swift in Sources */ = {isa = PBXBuildFile; fileRef = 5B6B82B922E58CC100C6E7C5 /* WRToolsConstants.swift */; };
		5B6B82BC22E5906100C6E7C5 /* WRDALHttpClient.swift in Sources */ = {isa = PBXBuildFile; fileRef = 5B6B82BB22E5906100C6E7C5 /* WRDALHttpClient.swift */; };
		5B6B82C222E5B53600C6E7C5 /* WRDatabaseClient.swift in Sources */ = {isa = PBXBuildFile; fileRef = 5B6B82C122E5B53600C6E7C5 /* WRDatabaseClient.swift */; };
		5B6B82D122E6C77F00C6E7C5 /* DropDown+Utility.swift in Sources */ = {isa = PBXBuildFile; fileRef = 5B6B82D022E6C77F00C6E7C5 /* DropDown+Utility.swift */; };
		5B6B82D322E6D16E00C6E7C5 /* WeatherInfoTableViewCell.swift in Sources */ = {isa = PBXBuildFile; fileRef = 5B6B82D222E6D16E00C6E7C5 /* WeatherInfoTableViewCell.swift */; };
		5B6B82D522E7F5E800C6E7C5 /* WRMainViewPresenter.swift in Sources */ = {isa = PBXBuildFile; fileRef = 5B6B82D422E7F5E800C6E7C5 /* WRMainViewPresenter.swift */; };
		5B6B82DE22E82AF400C6E7C5 /* WRDALConstants.swift in Sources */ = {isa = PBXBuildFile; fileRef = 5B6B82AB22E5650000C6E7C5 /* WRDALConstants.swift */; };
		5B6B82DF22E82AF700C6E7C5 /* WeatherInfoTableViewCell.swift in Sources */ = {isa = PBXBuildFile; fileRef = 5B6B82D222E6D16E00C6E7C5 /* WeatherInfoTableViewCell.swift */; };
		5B6B82E422E84A7300C6E7C5 /* WeatherReportClientTests.swift in Sources */ = {isa = PBXBuildFile; fileRef = 5B6B82E322E84A7300C6E7C5 /* WeatherReportClientTests.swift */; };
		5B6B82E622E8760600C6E7C5 /* WRTimeTaskManager.swift in Sources */ = {isa = PBXBuildFile; fileRef = 5B6B82E522E8760600C6E7C5 /* WRTimeTaskManager.swift */; };
		5B6B82E822EE810000C6E7C5 /* WRDALProtocol.swift in Sources */ = {isa = PBXBuildFile; fileRef = 5B6B82E722EE810000C6E7C5 /* WRDALProtocol.swift */; };
		5BAE0A7622F1666A00230ED9 /* WRBaseViewModel.swift in Sources */ = {isa = PBXBuildFile; fileRef = 5BAE0A7522F1666A00230ED9 /* WRBaseViewModel.swift */; };
		5BAE0A7A22F1685C00230ED9 /* UIView+Utility.swift in Sources */ = {isa = PBXBuildFile; fileRef = 5BAE0A7922F1685C00230ED9 /* UIView+Utility.swift */; };
		5BAE0A7C22F16A7C00230ED9 /* UIFont+Utility.swift in Sources */ = {isa = PBXBuildFile; fileRef = 5BAE0A7B22F16A7C00230ED9 /* UIFont+Utility.swift */; };
		5BAE0A7F22F16E2200230ED9 /* WRRequestCommonError.swift in Sources */ = {isa = PBXBuildFile; fileRef = 5BAE0A7E22F16E2200230ED9 /* WRRequestCommonError.swift */; };
		5BAE0A8322F170E700230ED9 /* WRMainViewModel.swift in Sources */ = {isa = PBXBuildFile; fileRef = 5BAE0A8222F170E700230ED9 /* WRMainViewModel.swift */; };
		5BAE0A8622F1838100230ED9 /* WRMainVMViewController.swift in Sources */ = {isa = PBXBuildFile; fileRef = 5BAE0A8522F1838100230ED9 /* WRMainVMViewController.swift */; };
		5BAE0A8822F1842800230ED9 /* WRBaseVMViewController.swift in Sources */ = {isa = PBXBuildFile; fileRef = 5BAE0A8722F1842800230ED9 /* WRBaseVMViewController.swift */; };
		5BAE0A8A22F193EC00230ED9 /* UIColor+Utility.swift in Sources */ = {isa = PBXBuildFile; fileRef = 5BAE0A8922F193EC00230ED9 /* UIColor+Utility.swift */; };
		5BAE0A8C22F284ED00230ED9 /* NetworkReachabilityManager+Utility.swift in Sources */ = {isa = PBXBuildFile; fileRef = 5BAE0A8B22F284ED00230ED9 /* NetworkReachabilityManager+Utility.swift */; };
		5F410809C540489A4DB00240 /* Pods_WeatherReportUITests.framework in Frameworks */ = {isa = PBXBuildFile; fileRef = 775429F2418EE29E7E332EC5 /* Pods_WeatherReportUITests.framework */; };
/* End PBXBuildFile section */

/* Begin PBXContainerItemProxy section */
		4DBE4A3822E2D1330059A9BE /* PBXContainerItemProxy */ = {
			isa = PBXContainerItemProxy;
			containerPortal = 4DBE4A1B22E2D12E0059A9BE /* Project object */;
			proxyType = 1;
			remoteGlobalIDString = 4DBE4A2222E2D12E0059A9BE;
			remoteInfo = WeatherReport;
		};
		4DBE4A4322E2D1330059A9BE /* PBXContainerItemProxy */ = {
			isa = PBXContainerItemProxy;
			containerPortal = 4DBE4A1B22E2D12E0059A9BE /* Project object */;
			proxyType = 1;
			remoteGlobalIDString = 4DBE4A2222E2D12E0059A9BE;
			remoteInfo = WeatherReport;
		};
/* End PBXContainerItemProxy section */

/* Begin PBXFileReference section */
		09CED2631F00F8B0DE8867FA /* Pods-WeatherReportTests.release.xcconfig */ = {isa = PBXFileReference; includeInIndex = 1; lastKnownFileType = text.xcconfig; name = "Pods-WeatherReportTests.release.xcconfig"; path = "Target Support Files/Pods-WeatherReportTests/Pods-WeatherReportTests.release.xcconfig"; sourceTree = "<group>"; };
		226F092CB6DDBFD13267E1E0 /* Pods-WeatherReport.debug.xcconfig */ = {isa = PBXFileReference; includeInIndex = 1; lastKnownFileType = text.xcconfig; name = "Pods-WeatherReport.debug.xcconfig"; path = "Target Support Files/Pods-WeatherReport/Pods-WeatherReport.debug.xcconfig"; sourceTree = "<group>"; };
		3C502015F8A290560167204F /* Pods-WeatherReportUITests.release.xcconfig */ = {isa = PBXFileReference; includeInIndex = 1; lastKnownFileType = text.xcconfig; name = "Pods-WeatherReportUITests.release.xcconfig"; path = "Target Support Files/Pods-WeatherReportUITests/Pods-WeatherReportUITests.release.xcconfig"; sourceTree = "<group>"; };
		3D386D10E00934692638EA8D /* Pods_WeatherReportTests.framework */ = {isa = PBXFileReference; explicitFileType = wrapper.framework; includeInIndex = 0; path = Pods_WeatherReportTests.framework; sourceTree = BUILT_PRODUCTS_DIR; };
		4837DD4536DB49754117081C /* Pods_WeatherReport.framework */ = {isa = PBXFileReference; explicitFileType = wrapper.framework; includeInIndex = 0; path = Pods_WeatherReport.framework; sourceTree = BUILT_PRODUCTS_DIR; };
		4D7C36AB22E5F95800D894F1 /* String+Utility.swift */ = {isa = PBXFileReference; lastKnownFileType = sourcecode.swift; path = "String+Utility.swift"; sourceTree = "<group>"; };
		4DBE4A2322E2D12E0059A9BE /* WeatherReport.app */ = {isa = PBXFileReference; explicitFileType = wrapper.application; includeInIndex = 0; path = WeatherReport.app; sourceTree = BUILT_PRODUCTS_DIR; };
		4DBE4A2622E2D12E0059A9BE /* WRMainAppDelegate.swift */ = {isa = PBXFileReference; lastKnownFileType = sourcecode.swift; path = WRMainAppDelegate.swift; sourceTree = "<group>"; };
		4DBE4A2822E2D12E0059A9BE /* WRMainViewController.swift */ = {isa = PBXFileReference; lastKnownFileType = sourcecode.swift; path = WRMainViewController.swift; sourceTree = "<group>"; };
		4DBE4A2B22E2D12E0059A9BE /* Base */ = {isa = PBXFileReference; lastKnownFileType = file.storyboard; name = Base; path = Base.lproj/Main.storyboard; sourceTree = "<group>"; };
		4DBE4A2D22E2D1320059A9BE /* Assets.xcassets */ = {isa = PBXFileReference; lastKnownFileType = folder.assetcatalog; path = Assets.xcassets; sourceTree = "<group>"; };
		4DBE4A3022E2D1320059A9BE /* Base */ = {isa = PBXFileReference; lastKnownFileType = file.storyboard; name = Base; path = Base.lproj/LaunchScreen.storyboard; sourceTree = "<group>"; };
		4DBE4A3222E2D1320059A9BE /* Info.plist */ = {isa = PBXFileReference; lastKnownFileType = text.plist.xml; path = Info.plist; sourceTree = "<group>"; };
		4DBE4A3722E2D1330059A9BE /* WeatherReportTests.xctest */ = {isa = PBXFileReference; explicitFileType = wrapper.cfbundle; includeInIndex = 0; path = WeatherReportTests.xctest; sourceTree = BUILT_PRODUCTS_DIR; };
		4DBE4A3B22E2D1330059A9BE /* WeatherReportModelTests.swift */ = {isa = PBXFileReference; lastKnownFileType = sourcecode.swift; path = WeatherReportModelTests.swift; sourceTree = "<group>"; };
		4DBE4A3D22E2D1330059A9BE /* Info.plist */ = {isa = PBXFileReference; lastKnownFileType = text.plist.xml; path = Info.plist; sourceTree = "<group>"; };
		4DBE4A4222E2D1330059A9BE /* WeatherReportUITests.xctest */ = {isa = PBXFileReference; explicitFileType = wrapper.cfbundle; includeInIndex = 0; path = WeatherReportUITests.xctest; sourceTree = BUILT_PRODUCTS_DIR; };
		4DBE4A4622E2D1330059A9BE /* WeatherReportUITests.swift */ = {isa = PBXFileReference; lastKnownFileType = sourcecode.swift; path = WeatherReportUITests.swift; sourceTree = "<group>"; };
		4DBE4A4822E2D1330059A9BE /* Info.plist */ = {isa = PBXFileReference; lastKnownFileType = text.plist.xml; path = Info.plist; sourceTree = "<group>"; };
		5B6B829E22E5569600C6E7C5 /* en-AU */ = {isa = PBXFileReference; lastKnownFileType = text.plist.strings; name = "en-AU"; path = "en-AU.lproj/InfoPlist.strings"; sourceTree = "<group>"; };
		5B6B82A022E5569600C6E7C5 /* en-AU */ = {isa = PBXFileReference; lastKnownFileType = text.plist.strings; name = "en-AU"; path = "en-AU.lproj/Localizable.strings"; sourceTree = "<group>"; };
		5B6B82A122E5569600C6E7C5 /* en */ = {isa = PBXFileReference; lastKnownFileType = text.plist.strings; name = en; path = en.lproj/InfoPlist.strings; sourceTree = "<group>"; };
		5B6B82A222E5569600C6E7C5 /* en */ = {isa = PBXFileReference; lastKnownFileType = text.plist.strings; name = en; path = en.lproj/Localizable.strings; sourceTree = "<group>"; };
		5B6B82A322E5569600C6E7C5 /* zh-Hans */ = {isa = PBXFileReference; lastKnownFileType = text.plist.strings; name = "zh-Hans"; path = "zh-Hans.lproj/InfoPlist.strings"; sourceTree = "<group>"; };
		5B6B82A422E5569600C6E7C5 /* zh-Hans */ = {isa = PBXFileReference; lastKnownFileType = text.plist.strings; name = "zh-Hans"; path = "zh-Hans.lproj/Localizable.strings"; sourceTree = "<group>"; };
		5B6B82A822E5597300C6E7C5 /* WRLocalizeMgr.swift */ = {isa = PBXFileReference; lastKnownFileType = sourcecode.swift; path = WRLocalizeMgr.swift; sourceTree = "<group>"; };
		5B6B82AB22E5650000C6E7C5 /* WRDALConstants.swift */ = {isa = PBXFileReference; lastKnownFileType = sourcecode.swift; path = WRDALConstants.swift; sourceTree = "<group>"; };
		5B6B82AD22E57D3000C6E7C5 /* supportedCityList.plist */ = {isa = PBXFileReference; lastKnownFileType = text.plist.xml; path = supportedCityList.plist; sourceTree = "<group>"; };
		5B6B82B122E5837700C6E7C5 /* WRDALManager.swift */ = {isa = PBXFileReference; lastKnownFileType = sourcecode.swift; path = WRDALManager.swift; sourceTree = "<group>"; };
		5B6B82B322E5893F00C6E7C5 /* WRDALModel.swift */ = {isa = PBXFileReference; lastKnownFileType = sourcecode.swift; path = WRDALModel.swift; sourceTree = "<group>"; };
		5B6B82B622E58C6F00C6E7C5 /* Date+Utility.swift */ = {isa = PBXFileReference; lastKnownFileType = sourcecode.swift; path = "Date+Utility.swift"; sourceTree = "<group>"; };
		5B6B82B922E58CC100C6E7C5 /* WRToolsConstants.swift */ = {isa = PBXFileReference; lastKnownFileType = sourcecode.swift; path = WRToolsConstants.swift; sourceTree = "<group>"; };
		5B6B82BB22E5906100C6E7C5 /* WRDALHttpClient.swift */ = {isa = PBXFileReference; lastKnownFileType = sourcecode.swift; path = WRDALHttpClient.swift; sourceTree = "<group>"; };
		5B6B82BD22E5B4E200C6E7C5 /* WeatherReport-Bridging-Header.h */ = {isa = PBXFileReference; lastKnownFileType = sourcecode.c.h; path = "WeatherReport-Bridging-Header.h"; sourceTree = "<group>"; };
		5B6B82C122E5B53600C6E7C5 /* WRDatabaseClient.swift */ = {isa = PBXFileReference; lastKnownFileType = sourcecode.swift; path = WRDatabaseClient.swift; sourceTree = "<group>"; };
		5B6B82D022E6C77F00C6E7C5 /* DropDown+Utility.swift */ = {isa = PBXFileReference; fileEncoding = 4; lastKnownFileType = sourcecode.swift; path = "DropDown+Utility.swift"; sourceTree = "<group>"; };
		5B6B82D222E6D16E00C6E7C5 /* WeatherInfoTableViewCell.swift */ = {isa = PBXFileReference; lastKnownFileType = sourcecode.swift; path = WeatherInfoTableViewCell.swift; sourceTree = "<group>"; };
		5B6B82D422E7F5E800C6E7C5 /* WRMainViewPresenter.swift */ = {isa = PBXFileReference; lastKnownFileType = sourcecode.swift; path = WRMainViewPresenter.swift; sourceTree = "<group>"; };
		5B6B82E322E84A7300C6E7C5 /* WeatherReportClientTests.swift */ = {isa = PBXFileReference; fileEncoding = 4; lastKnownFileType = sourcecode.swift; path = WeatherReportClientTests.swift; sourceTree = "<group>"; };
		5B6B82E522E8760600C6E7C5 /* WRTimeTaskManager.swift */ = {isa = PBXFileReference; lastKnownFileType = sourcecode.swift; path = WRTimeTaskManager.swift; sourceTree = "<group>"; };
		5B6B82E722EE810000C6E7C5 /* WRDALProtocol.swift */ = {isa = PBXFileReference; lastKnownFileType = sourcecode.swift; path = WRDALProtocol.swift; sourceTree = "<group>"; };
		5BAE0A7522F1666A00230ED9 /* WRBaseViewModel.swift */ = {isa = PBXFileReference; lastKnownFileType = sourcecode.swift; path = WRBaseViewModel.swift; sourceTree = "<group>"; };
		5BAE0A7922F1685C00230ED9 /* UIView+Utility.swift */ = {isa = PBXFileReference; fileEncoding = 4; lastKnownFileType = sourcecode.swift; path = "UIView+Utility.swift"; sourceTree = "<group>"; };
		5BAE0A7B22F16A7C00230ED9 /* UIFont+Utility.swift */ = {isa = PBXFileReference; lastKnownFileType = sourcecode.swift; path = "UIFont+Utility.swift"; sourceTree = "<group>"; };
		5BAE0A7E22F16E2200230ED9 /* WRRequestCommonError.swift */ = {isa = PBXFileReference; lastKnownFileType = sourcecode.swift; path = WRRequestCommonError.swift; sourceTree = "<group>"; };
		5BAE0A8222F170E700230ED9 /* WRMainViewModel.swift */ = {isa = PBXFileReference; lastKnownFileType = sourcecode.swift; path = WRMainViewModel.swift; sourceTree = "<group>"; };
		5BAE0A8522F1838100230ED9 /* WRMainVMViewController.swift */ = {isa = PBXFileReference; lastKnownFileType = sourcecode.swift; path = WRMainVMViewController.swift; sourceTree = "<group>"; };
		5BAE0A8722F1842800230ED9 /* WRBaseVMViewController.swift */ = {isa = PBXFileReference; lastKnownFileType = sourcecode.swift; path = WRBaseVMViewController.swift; sourceTree = "<group>"; };
		5BAE0A8922F193EC00230ED9 /* UIColor+Utility.swift */ = {isa = PBXFileReference; lastKnownFileType = sourcecode.swift; path = "UIColor+Utility.swift"; sourceTree = "<group>"; };
		5BAE0A8B22F284ED00230ED9 /* NetworkReachabilityManager+Utility.swift */ = {isa = PBXFileReference; lastKnownFileType = sourcecode.swift; path = "NetworkReachabilityManager+Utility.swift"; sourceTree = "<group>"; };
		6169A39EE82487EDE6CD6F11 /* Pods-WeatherReportTests.debug.xcconfig */ = {isa = PBXFileReference; includeInIndex = 1; lastKnownFileType = text.xcconfig; name = "Pods-WeatherReportTests.debug.xcconfig"; path = "Target Support Files/Pods-WeatherReportTests/Pods-WeatherReportTests.debug.xcconfig"; sourceTree = "<group>"; };
		775429F2418EE29E7E332EC5 /* Pods_WeatherReportUITests.framework */ = {isa = PBXFileReference; explicitFileType = wrapper.framework; includeInIndex = 0; path = Pods_WeatherReportUITests.framework; sourceTree = BUILT_PRODUCTS_DIR; };
		B1D8D70CC9E0EAFB2480B693 /* Pods-WeatherReportUITests.debug.xcconfig */ = {isa = PBXFileReference; includeInIndex = 1; lastKnownFileType = text.xcconfig; name = "Pods-WeatherReportUITests.debug.xcconfig"; path = "Target Support Files/Pods-WeatherReportUITests/Pods-WeatherReportUITests.debug.xcconfig"; sourceTree = "<group>"; };
		DE774E922DE3F65E177E3441 /* Pods-WeatherReport.release.xcconfig */ = {isa = PBXFileReference; includeInIndex = 1; lastKnownFileType = text.xcconfig; name = "Pods-WeatherReport.release.xcconfig"; path = "Target Support Files/Pods-WeatherReport/Pods-WeatherReport.release.xcconfig"; sourceTree = "<group>"; };
/* End PBXFileReference section */

/* Begin PBXFrameworksBuildPhase section */
		4DBE4A2022E2D12E0059A9BE /* Frameworks */ = {
			isa = PBXFrameworksBuildPhase;
			buildActionMask = 2147483647;
			files = (
				1824E0C645C886DE8B34AA35 /* Pods_WeatherReport.framework in Frameworks */,
			);
			runOnlyForDeploymentPostprocessing = 0;
		};
		4DBE4A3422E2D1330059A9BE /* Frameworks */ = {
			isa = PBXFrameworksBuildPhase;
			buildActionMask = 2147483647;
			files = (
				4A02B22149DEB91003CC6B5A /* Pods_WeatherReportTests.framework in Frameworks */,
			);
			runOnlyForDeploymentPostprocessing = 0;
		};
		4DBE4A3F22E2D1330059A9BE /* Frameworks */ = {
			isa = PBXFrameworksBuildPhase;
			buildActionMask = 2147483647;
			files = (
				5F410809C540489A4DB00240 /* Pods_WeatherReportUITests.framework in Frameworks */,
			);
			runOnlyForDeploymentPostprocessing = 0;
		};
/* End PBXFrameworksBuildPhase section */

/* Begin PBXGroup section */
		1BBA1B501D9F6E460D4ECCE4 /* Frameworks */ = {
			isa = PBXGroup;
			children = (
				4837DD4536DB49754117081C /* Pods_WeatherReport.framework */,
				3D386D10E00934692638EA8D /* Pods_WeatherReportTests.framework */,
				775429F2418EE29E7E332EC5 /* Pods_WeatherReportUITests.framework */,
			);
			name = Frameworks;
			sourceTree = "<group>";
		};
		4DBE4A1A22E2D12E0059A9BE = {
			isa = PBXGroup;
			children = (
				4DBE4A2522E2D12E0059A9BE /* WeatherReport */,
				4DBE4A3A22E2D1330059A9BE /* WeatherReportTests */,
				4DBE4A4522E2D1330059A9BE /* WeatherReportUITests */,
				4DBE4A2422E2D12E0059A9BE /* Products */,
				6B333009E19153B605DF95D3 /* Pods */,
				1BBA1B501D9F6E460D4ECCE4 /* Frameworks */,
			);
			sourceTree = "<group>";
		};
		4DBE4A2422E2D12E0059A9BE /* Products */ = {
			isa = PBXGroup;
			children = (
				4DBE4A2322E2D12E0059A9BE /* WeatherReport.app */,
				4DBE4A3722E2D1330059A9BE /* WeatherReportTests.xctest */,
				4DBE4A4222E2D1330059A9BE /* WeatherReportUITests.xctest */,
			);
			name = Products;
			sourceTree = "<group>";
		};
		4DBE4A2522E2D12E0059A9BE /* WeatherReport */ = {
			isa = PBXGroup;
			children = (
				5BAE0A8422F1834E00230ED9 /* MVVMController */,
				5BAE0A7D22F16DF500230ED9 /* Model */,
				5BAE0A7422F1656700230ED9 /* ViewModel */,
				5B6B82C422E6A72500C6E7C5 /* Controller */,
				5B6B82C322E6A71800C6E7C5 /* View */,
				5B6B82AA22E564D400C6E7C5 /* DataAccessLayer */,
				5B6B82A722E558F400C6E7C5 /* Tools */,
				5B6B829C22E5569600C6E7C5 /* Resources */,
				4DBE4A2622E2D12E0059A9BE /* WRMainAppDelegate.swift */,
				4DBE4A2A22E2D12E0059A9BE /* Main.storyboard */,
				4DBE4A2D22E2D1320059A9BE /* Assets.xcassets */,
				4DBE4A2F22E2D1320059A9BE /* LaunchScreen.storyboard */,
				4DBE4A3222E2D1320059A9BE /* Info.plist */,
				5B6B82AD22E57D3000C6E7C5 /* supportedCityList.plist */,
			);
			path = WeatherReport;
			sourceTree = "<group>";
		};
		4DBE4A3A22E2D1330059A9BE /* WeatherReportTests */ = {
			isa = PBXGroup;
			children = (
				5B6B82E322E84A7300C6E7C5 /* WeatherReportClientTests.swift */,
				4DBE4A3B22E2D1330059A9BE /* WeatherReportModelTests.swift */,
				4DBE4A3D22E2D1330059A9BE /* Info.plist */,
			);
			path = WeatherReportTests;
			sourceTree = "<group>";
		};
		4DBE4A4522E2D1330059A9BE /* WeatherReportUITests */ = {
			isa = PBXGroup;
			children = (
				4DBE4A4622E2D1330059A9BE /* WeatherReportUITests.swift */,
				4DBE4A4822E2D1330059A9BE /* Info.plist */,
			);
			path = WeatherReportUITests;
			sourceTree = "<group>";
		};
		5B6B829C22E5569600C6E7C5 /* Resources */ = {
			isa = PBXGroup;
			children = (
				5B6B829D22E5569600C6E7C5 /* InfoPlist.strings */,
				5B6B829F22E5569600C6E7C5 /* Localizable.strings */,
				5B6B82BD22E5B4E200C6E7C5 /* WeatherReport-Bridging-Header.h */,
			);
			path = Resources;
			sourceTree = "<group>";
		};
		5B6B82A722E558F400C6E7C5 /* Tools */ = {
			isa = PBXGroup;
			children = (
				5B6B82B822E58C9600C6E7C5 /* localize */,
				5B6B82B522E58C4700C6E7C5 /* Category */,
				5B6B82B922E58CC100C6E7C5 /* WRToolsConstants.swift */,
				5B6B82E522E8760600C6E7C5 /* WRTimeTaskManager.swift */,
			);
			path = Tools;
			sourceTree = "<group>";
		};
		5B6B82AA22E564D400C6E7C5 /* DataAccessLayer */ = {
			isa = PBXGroup;
			children = (
				5B6B82AB22E5650000C6E7C5 /* WRDALConstants.swift */,
				5B6B82E722EE810000C6E7C5 /* WRDALProtocol.swift */,
				5B6B82B122E5837700C6E7C5 /* WRDALManager.swift */,
				5B6B82B322E5893F00C6E7C5 /* WRDALModel.swift */,
				5B6B82BB22E5906100C6E7C5 /* WRDALHttpClient.swift */,
				5B6B82C122E5B53600C6E7C5 /* WRDatabaseClient.swift */,
			);
			path = DataAccessLayer;
			sourceTree = "<group>";
		};
		5B6B82B522E58C4700C6E7C5 /* Category */ = {
			isa = PBXGroup;
			children = (
				5BAE0A7922F1685C00230ED9 /* UIView+Utility.swift */,
				5B6B82B622E58C6F00C6E7C5 /* Date+Utility.swift */,
				4D7C36AB22E5F95800D894F1 /* String+Utility.swift */,
				5BAE0A7B22F16A7C00230ED9 /* UIFont+Utility.swift */,
				5BAE0A8922F193EC00230ED9 /* UIColor+Utility.swift */,
				5BAE0A8B22F284ED00230ED9 /* NetworkReachabilityManager+Utility.swift */,
			);
			path = Category;
			sourceTree = "<group>";
		};
		5B6B82B822E58C9600C6E7C5 /* localize */ = {
			isa = PBXGroup;
			children = (
				5B6B82A822E5597300C6E7C5 /* WRLocalizeMgr.swift */,
			);
			path = localize;
			sourceTree = "<group>";
		};
		5B6B82C322E6A71800C6E7C5 /* View */ = {
			isa = PBXGroup;
			children = (
				5B6B82D022E6C77F00C6E7C5 /* DropDown+Utility.swift */,
				5B6B82D222E6D16E00C6E7C5 /* WeatherInfoTableViewCell.swift */,
			);
			path = View;
			sourceTree = "<group>";
		};
		5B6B82C422E6A72500C6E7C5 /* Controller */ = {
			isa = PBXGroup;
			children = (
				4DBE4A2822E2D12E0059A9BE /* WRMainViewController.swift */,
				5B6B82D422E7F5E800C6E7C5 /* WRMainViewPresenter.swift */,
			);
			path = Controller;
			sourceTree = "<group>";
		};
		5BAE0A7422F1656700230ED9 /* ViewModel */ = {
			isa = PBXGroup;
			children = (
				5BAE0A7522F1666A00230ED9 /* WRBaseViewModel.swift */,
				5BAE0A8222F170E700230ED9 /* WRMainViewModel.swift */,
			);
			path = ViewModel;
			sourceTree = "<group>";
		};
		5BAE0A7D22F16DF500230ED9 /* Model */ = {
			isa = PBXGroup;
			children = (
				5BAE0A7E22F16E2200230ED9 /* WRRequestCommonError.swift */,
			);
			path = Model;
			sourceTree = "<group>";
		};
		5BAE0A8422F1834E00230ED9 /* MVVMController */ = {
			isa = PBXGroup;
			children = (
				5BAE0A8522F1838100230ED9 /* WRMainVMViewController.swift */,
				5BAE0A8722F1842800230ED9 /* WRBaseVMViewController.swift */,
			);
			path = MVVMController;
			sourceTree = "<group>";
		};
		6B333009E19153B605DF95D3 /* Pods */ = {
			isa = PBXGroup;
			children = (
				226F092CB6DDBFD13267E1E0 /* Pods-WeatherReport.debug.xcconfig */,
				DE774E922DE3F65E177E3441 /* Pods-WeatherReport.release.xcconfig */,
				6169A39EE82487EDE6CD6F11 /* Pods-WeatherReportTests.debug.xcconfig */,
				09CED2631F00F8B0DE8867FA /* Pods-WeatherReportTests.release.xcconfig */,
				B1D8D70CC9E0EAFB2480B693 /* Pods-WeatherReportUITests.debug.xcconfig */,
				3C502015F8A290560167204F /* Pods-WeatherReportUITests.release.xcconfig */,
			);
			path = Pods;
			sourceTree = "<group>";
		};
/* End PBXGroup section */

/* Begin PBXNativeTarget section */
		4DBE4A2222E2D12E0059A9BE /* WeatherReport */ = {
			isa = PBXNativeTarget;
			buildConfigurationList = 4DBE4A4B22E2D1330059A9BE /* Build configuration list for PBXNativeTarget "WeatherReport" */;
			buildPhases = (
				349545B63B2678D31DE37CB6 /* [CP] Check Pods Manifest.lock */,
				4DBE4A1F22E2D12E0059A9BE /* Sources */,
				4DBE4A2022E2D12E0059A9BE /* Frameworks */,
				4DBE4A2122E2D12E0059A9BE /* Resources */,
				0473C5CC573729A66E5548FD /* [CP] Embed Pods Frameworks */,
			);
			buildRules = (
			);
			dependencies = (
			);
			name = WeatherReport;
			productName = WeatherReport;
			productReference = 4DBE4A2322E2D12E0059A9BE /* WeatherReport.app */;
			productType = "com.apple.product-type.application";
		};
		4DBE4A3622E2D1330059A9BE /* WeatherReportTests */ = {
			isa = PBXNativeTarget;
			buildConfigurationList = 4DBE4A4E22E2D1330059A9BE /* Build configuration list for PBXNativeTarget "WeatherReportTests" */;
			buildPhases = (
				A18DE5163842F4C4B00B54D6 /* [CP] Check Pods Manifest.lock */,
				4DBE4A3322E2D1330059A9BE /* Sources */,
				4DBE4A3422E2D1330059A9BE /* Frameworks */,
				4DBE4A3522E2D1330059A9BE /* Resources */,
			);
			buildRules = (
			);
			dependencies = (
				4DBE4A3922E2D1330059A9BE /* PBXTargetDependency */,
			);
			name = WeatherReportTests;
			productName = WeatherReportTests;
			productReference = 4DBE4A3722E2D1330059A9BE /* WeatherReportTests.xctest */;
			productType = "com.apple.product-type.bundle.unit-test";
		};
		4DBE4A4122E2D1330059A9BE /* WeatherReportUITests */ = {
			isa = PBXNativeTarget;
			buildConfigurationList = 4DBE4A5122E2D1330059A9BE /* Build configuration list for PBXNativeTarget "WeatherReportUITests" */;
			buildPhases = (
				C71EB656A1956BC5E6FEA43D /* [CP] Check Pods Manifest.lock */,
				4DBE4A3E22E2D1330059A9BE /* Sources */,
				4DBE4A3F22E2D1330059A9BE /* Frameworks */,
				4DBE4A4022E2D1330059A9BE /* Resources */,
			);
			buildRules = (
			);
			dependencies = (
				4DBE4A4422E2D1330059A9BE /* PBXTargetDependency */,
			);
			name = WeatherReportUITests;
			productName = WeatherReportUITests;
			productReference = 4DBE4A4222E2D1330059A9BE /* WeatherReportUITests.xctest */;
			productType = "com.apple.product-type.bundle.ui-testing";
		};
/* End PBXNativeTarget section */

/* Begin PBXProject section */
		4DBE4A1B22E2D12E0059A9BE /* Project object */ = {
			isa = PBXProject;
			attributes = {
				LastSwiftUpdateCheck = 1020;
				LastUpgradeCheck = 1020;
				ORGANIZATIONNAME = testOrg;
				TargetAttributes = {
					4DBE4A2222E2D12E0059A9BE = {
						CreatedOnToolsVersion = 10.2.1;
						LastSwiftMigration = 1010;
					};
					4DBE4A3622E2D1330059A9BE = {
						CreatedOnToolsVersion = 10.2.1;
						TestTargetID = 4DBE4A2222E2D12E0059A9BE;
					};
					4DBE4A4122E2D1330059A9BE = {
						CreatedOnToolsVersion = 10.2.1;
						TestTargetID = 4DBE4A2222E2D12E0059A9BE;
					};
				};
			};
			buildConfigurationList = 4DBE4A1E22E2D12E0059A9BE /* Build configuration list for PBXProject "WeatherReport" */;
			compatibilityVersion = "Xcode 9.3";
			developmentRegion = en;
			hasScannedForEncodings = 0;
			knownRegions = (
				en,
				Base,
				"en-AU",
				"zh-Hans",
			);
			mainGroup = 4DBE4A1A22E2D12E0059A9BE;
			productRefGroup = 4DBE4A2422E2D12E0059A9BE /* Products */;
			projectDirPath = "";
			projectRoot = "";
			targets = (
				4DBE4A2222E2D12E0059A9BE /* WeatherReport */,
				4DBE4A3622E2D1330059A9BE /* WeatherReportTests */,
				4DBE4A4122E2D1330059A9BE /* WeatherReportUITests */,
			);
		};
/* End PBXProject section */

/* Begin PBXResourcesBuildPhase section */
		4DBE4A2122E2D12E0059A9BE /* Resources */ = {
			isa = PBXResourcesBuildPhase;
			buildActionMask = 2147483647;
			files = (
				5B6B82AE22E57D3000C6E7C5 /* supportedCityList.plist in Resources */,
				5B6B82A622E5569600C6E7C5 /* Localizable.strings in Resources */,
				4DBE4A3122E2D1320059A9BE /* LaunchScreen.storyboard in Resources */,
				5B6B82A522E5569600C6E7C5 /* InfoPlist.strings in Resources */,
				4DBE4A2E22E2D1320059A9BE /* Assets.xcassets in Resources */,
				4DBE4A2C22E2D12E0059A9BE /* Main.storyboard in Resources */,
			);
			runOnlyForDeploymentPostprocessing = 0;
		};
		4DBE4A3522E2D1330059A9BE /* Resources */ = {
			isa = PBXResourcesBuildPhase;
			buildActionMask = 2147483647;
			files = (
			);
			runOnlyForDeploymentPostprocessing = 0;
		};
		4DBE4A4022E2D1330059A9BE /* Resources */ = {
			isa = PBXResourcesBuildPhase;
			buildActionMask = 2147483647;
			files = (
			);
			runOnlyForDeploymentPostprocessing = 0;
		};
/* End PBXResourcesBuildPhase section */

/* Begin PBXShellScriptBuildPhase section */
		0473C5CC573729A66E5548FD /* [CP] Embed Pods Frameworks */ = {
			isa = PBXShellScriptBuildPhase;
			buildActionMask = 2147483647;
			files = (
			);
			inputFileListPaths = (
			);
			inputPaths = (
				"${PODS_ROOT}/Target Support Files/Pods-WeatherReport/Pods-WeatherReport-frameworks.sh",
				"${BUILT_PRODUCTS_DIR}/Alamofire/Alamofire.framework",
				"${BUILT_PRODUCTS_DIR}/FMDB/FMDB.framework",
				"${BUILT_PRODUCTS_DIR}/MBProgressHUD/MBProgressHUD.framework",
				"${BUILT_PRODUCTS_DIR}/ReactiveCocoa/ReactiveCocoa.framework",
				"${BUILT_PRODUCTS_DIR}/ReactiveSwift/ReactiveSwift.framework",
				"${BUILT_PRODUCTS_DIR}/Result/Result.framework",
				"${BUILT_PRODUCTS_DIR}/SnapKit/SnapKit.framework",
				"${BUILT_PRODUCTS_DIR}/SwiftyJSON/SwiftyJSON.framework",
				"${BUILT_PRODUCTS_DIR}/iOSDropDown/iOSDropDown.framework",
			);
			name = "[CP] Embed Pods Frameworks";
			outputFileListPaths = (
			);
			outputPaths = (
				"${TARGET_BUILD_DIR}/${FRAMEWORKS_FOLDER_PATH}/Alamofire.framework",
				"${TARGET_BUILD_DIR}/${FRAMEWORKS_FOLDER_PATH}/FMDB.framework",
				"${TARGET_BUILD_DIR}/${FRAMEWORKS_FOLDER_PATH}/MBProgressHUD.framework",
				"${TARGET_BUILD_DIR}/${FRAMEWORKS_FOLDER_PATH}/ReactiveCocoa.framework",
				"${TARGET_BUILD_DIR}/${FRAMEWORKS_FOLDER_PATH}/ReactiveSwift.framework",
				"${TARGET_BUILD_DIR}/${FRAMEWORKS_FOLDER_PATH}/Result.framework",
				"${TARGET_BUILD_DIR}/${FRAMEWORKS_FOLDER_PATH}/SnapKit.framework",
				"${TARGET_BUILD_DIR}/${FRAMEWORKS_FOLDER_PATH}/SwiftyJSON.framework",
				"${TARGET_BUILD_DIR}/${FRAMEWORKS_FOLDER_PATH}/iOSDropDown.framework",
			);
			runOnlyForDeploymentPostprocessing = 0;
			shellPath = /bin/sh;
			shellScript = "\"${PODS_ROOT}/Target Support Files/Pods-WeatherReport/Pods-WeatherReport-frameworks.sh\"\n";
			showEnvVarsInLog = 0;
		};
		349545B63B2678D31DE37CB6 /* [CP] Check Pods Manifest.lock */ = {
			isa = PBXShellScriptBuildPhase;
			buildActionMask = 2147483647;
			files = (
			);
			inputFileListPaths = (
			);
			inputPaths = (
				"${PODS_PODFILE_DIR_PATH}/Podfile.lock",
				"${PODS_ROOT}/Manifest.lock",
			);
			name = "[CP] Check Pods Manifest.lock";
			outputFileListPaths = (
			);
			outputPaths = (
				"$(DERIVED_FILE_DIR)/Pods-WeatherReport-checkManifestLockResult.txt",
			);
			runOnlyForDeploymentPostprocessing = 0;
			shellPath = /bin/sh;
			shellScript = "diff \"${PODS_PODFILE_DIR_PATH}/Podfile.lock\" \"${PODS_ROOT}/Manifest.lock\" > /dev/null\nif [ $? != 0 ] ; then\n    # print error to STDERR\n    echo \"error: The sandbox is not in sync with the Podfile.lock. Run 'pod install' or update your CocoaPods installation.\" >&2\n    exit 1\nfi\n# This output is used by Xcode 'outputs' to avoid re-running this script phase.\necho \"SUCCESS\" > \"${SCRIPT_OUTPUT_FILE_0}\"\n";
			showEnvVarsInLog = 0;
		};
		A18DE5163842F4C4B00B54D6 /* [CP] Check Pods Manifest.lock */ = {
			isa = PBXShellScriptBuildPhase;
			buildActionMask = 2147483647;
			files = (
			);
			inputFileListPaths = (
			);
			inputPaths = (
				"${PODS_PODFILE_DIR_PATH}/Podfile.lock",
				"${PODS_ROOT}/Manifest.lock",
			);
			name = "[CP] Check Pods Manifest.lock";
			outputFileListPaths = (
			);
			outputPaths = (
				"$(DERIVED_FILE_DIR)/Pods-WeatherReportTests-checkManifestLockResult.txt",
			);
			runOnlyForDeploymentPostprocessing = 0;
			shellPath = /bin/sh;
			shellScript = "diff \"${PODS_PODFILE_DIR_PATH}/Podfile.lock\" \"${PODS_ROOT}/Manifest.lock\" > /dev/null\nif [ $? != 0 ] ; then\n    # print error to STDERR\n    echo \"error: The sandbox is not in sync with the Podfile.lock. Run 'pod install' or update your CocoaPods installation.\" >&2\n    exit 1\nfi\n# This output is used by Xcode 'outputs' to avoid re-running this script phase.\necho \"SUCCESS\" > \"${SCRIPT_OUTPUT_FILE_0}\"\n";
			showEnvVarsInLog = 0;
		};
		C71EB656A1956BC5E6FEA43D /* [CP] Check Pods Manifest.lock */ = {
			isa = PBXShellScriptBuildPhase;
			buildActionMask = 2147483647;
			files = (
			);
			inputFileListPaths = (
			);
			inputPaths = (
				"${PODS_PODFILE_DIR_PATH}/Podfile.lock",
				"${PODS_ROOT}/Manifest.lock",
			);
			name = "[CP] Check Pods Manifest.lock";
			outputFileListPaths = (
			);
			outputPaths = (
				"$(DERIVED_FILE_DIR)/Pods-WeatherReportUITests-checkManifestLockResult.txt",
			);
			runOnlyForDeploymentPostprocessing = 0;
			shellPath = /bin/sh;
			shellScript = "diff \"${PODS_PODFILE_DIR_PATH}/Podfile.lock\" \"${PODS_ROOT}/Manifest.lock\" > /dev/null\nif [ $? != 0 ] ; then\n    # print error to STDERR\n    echo \"error: The sandbox is not in sync with the Podfile.lock. Run 'pod install' or update your CocoaPods installation.\" >&2\n    exit 1\nfi\n# This output is used by Xcode 'outputs' to avoid re-running this script phase.\necho \"SUCCESS\" > \"${SCRIPT_OUTPUT_FILE_0}\"\n";
			showEnvVarsInLog = 0;
		};
/* End PBXShellScriptBuildPhase section */

/* Begin PBXSourcesBuildPhase section */
		4DBE4A1F22E2D12E0059A9BE /* Sources */ = {
			isa = PBXSourcesBuildPhase;
			buildActionMask = 2147483647;
			files = (
				5BAE0A7622F1666A00230ED9 /* WRBaseViewModel.swift in Sources */,
				5B6B82B222E5837700C6E7C5 /* WRDALManager.swift in Sources */,
				5BAE0A7C22F16A7C00230ED9 /* UIFont+Utility.swift in Sources */,
				5B6B82D522E7F5E800C6E7C5 /* WRMainViewPresenter.swift in Sources */,
				5B6B82A922E5597300C6E7C5 /* WRLocalizeMgr.swift in Sources */,
				5B6B82BA22E58CC100C6E7C5 /* WRToolsConstants.swift in Sources */,
				5BAE0A7A22F1685C00230ED9 /* UIView+Utility.swift in Sources */,
				5B6B82E622E8760600C6E7C5 /* WRTimeTaskManager.swift in Sources */,
				5B6B82B722E58C6F00C6E7C5 /* Date+Utility.swift in Sources */,
				4DBE4A2922E2D12E0059A9BE /* WRMainViewController.swift in Sources */,
				5BAE0A7F22F16E2200230ED9 /* WRRequestCommonError.swift in Sources */,
				5BAE0A8622F1838100230ED9 /* WRMainVMViewController.swift in Sources */,
				5B6B82D322E6D16E00C6E7C5 /* WeatherInfoTableViewCell.swift in Sources */,
				5B6B82D122E6C77F00C6E7C5 /* DropDown+Utility.swift in Sources */,
				5BAE0A8322F170E700230ED9 /* WRMainViewModel.swift in Sources */,
				5BAE0A8C22F284ED00230ED9 /* NetworkReachabilityManager+Utility.swift in Sources */,
				5B6B82C222E5B53600C6E7C5 /* WRDatabaseClient.swift in Sources */,
				5B6B82E822EE810000C6E7C5 /* WRDALProtocol.swift in Sources */,
				5B6B82AC22E5650000C6E7C5 /* WRDALConstants.swift in Sources */,
				5B6B82B422E5893F00C6E7C5 /* WRDALModel.swift in Sources */,
				5BAE0A8822F1842800230ED9 /* WRBaseVMViewController.swift in Sources */,
				5BAE0A8A22F193EC00230ED9 /* UIColor+Utility.swift in Sources */,
				4D7C36AC22E5F95800D894F1 /* String+Utility.swift in Sources */,
				4DBE4A2722E2D12E0059A9BE /* WRMainAppDelegate.swift in Sources */,
				5B6B82BC22E5906100C6E7C5 /* WRDALHttpClient.swift in Sources */,
			);
			runOnlyForDeploymentPostprocessing = 0;
		};
		4DBE4A3322E2D1330059A9BE /* Sources */ = {
			isa = PBXSourcesBuildPhase;
			buildActionMask = 2147483647;
			files = (
				5B6B82DE22E82AF400C6E7C5 /* WRDALConstants.swift in Sources */,
				5B6B82DF22E82AF700C6E7C5 /* WeatherInfoTableViewCell.swift in Sources */,
				4DBE4A3C22E2D1330059A9BE /* WeatherReportModelTests.swift in Sources */,
				5B6B82E422E84A7300C6E7C5 /* WeatherReportClientTests.swift in Sources */,
			);
			runOnlyForDeploymentPostprocessing = 0;
		};
		4DBE4A3E22E2D1330059A9BE /* Sources */ = {
			isa = PBXSourcesBuildPhase;
			buildActionMask = 2147483647;
			files = (
				4DBE4A4722E2D1330059A9BE /* WeatherReportUITests.swift in Sources */,
			);
			runOnlyForDeploymentPostprocessing = 0;
		};
/* End PBXSourcesBuildPhase section */

/* Begin PBXTargetDependency section */
		4DBE4A3922E2D1330059A9BE /* PBXTargetDependency */ = {
			isa = PBXTargetDependency;
			target = 4DBE4A2222E2D12E0059A9BE /* WeatherReport */;
			targetProxy = 4DBE4A3822E2D1330059A9BE /* PBXContainerItemProxy */;
		};
		4DBE4A4422E2D1330059A9BE /* PBXTargetDependency */ = {
			isa = PBXTargetDependency;
			target = 4DBE4A2222E2D12E0059A9BE /* WeatherReport */;
			targetProxy = 4DBE4A4322E2D1330059A9BE /* PBXContainerItemProxy */;
		};
/* End PBXTargetDependency section */

/* Begin PBXVariantGroup section */
		4DBE4A2A22E2D12E0059A9BE /* Main.storyboard */ = {
			isa = PBXVariantGroup;
			children = (
				4DBE4A2B22E2D12E0059A9BE /* Base */,
			);
			name = Main.storyboard;
			sourceTree = "<group>";
		};
		4DBE4A2F22E2D1320059A9BE /* LaunchScreen.storyboard */ = {
			isa = PBXVariantGroup;
			children = (
				4DBE4A3022E2D1320059A9BE /* Base */,
			);
			name = LaunchScreen.storyboard;
			sourceTree = "<group>";
		};
		5B6B829D22E5569600C6E7C5 /* InfoPlist.strings */ = {
			isa = PBXVariantGroup;
			children = (
				5B6B829E22E5569600C6E7C5 /* en-AU */,
				5B6B82A122E5569600C6E7C5 /* en */,
				5B6B82A322E5569600C6E7C5 /* zh-Hans */,
			);
			name = InfoPlist.strings;
			sourceTree = "<group>";
		};
		5B6B829F22E5569600C6E7C5 /* Localizable.strings */ = {
			isa = PBXVariantGroup;
			children = (
				5B6B82A022E5569600C6E7C5 /* en-AU */,
				5B6B82A222E5569600C6E7C5 /* en */,
				5B6B82A422E5569600C6E7C5 /* zh-Hans */,
			);
			name = Localizable.strings;
			sourceTree = "<group>";
		};
/* End PBXVariantGroup section */

/* Begin XCBuildConfiguration section */
		4DBE4A4922E2D1330059A9BE /* Debug */ = {
			isa = XCBuildConfiguration;
			buildSettings = {
				ALWAYS_SEARCH_USER_PATHS = NO;
				CLANG_ANALYZER_NONNULL = YES;
				CLANG_ANALYZER_NUMBER_OBJECT_CONVERSION = YES_AGGRESSIVE;
				CLANG_CXX_LANGUAGE_STANDARD = "gnu++14";
				CLANG_CXX_LIBRARY = "libc++";
				CLANG_ENABLE_MODULES = YES;
				CLANG_ENABLE_OBJC_ARC = YES;
				CLANG_ENABLE_OBJC_WEAK = YES;
				CLANG_WARN_BLOCK_CAPTURE_AUTORELEASING = YES;
				CLANG_WARN_BOOL_CONVERSION = YES;
				CLANG_WARN_COMMA = YES;
				CLANG_WARN_CONSTANT_CONVERSION = YES;
				CLANG_WARN_DEPRECATED_OBJC_IMPLEMENTATIONS = YES;
				CLANG_WARN_DIRECT_OBJC_ISA_USAGE = YES_ERROR;
				CLANG_WARN_DOCUMENTATION_COMMENTS = YES;
				CLANG_WARN_EMPTY_BODY = YES;
				CLANG_WARN_ENUM_CONVERSION = YES;
				CLANG_WARN_INFINITE_RECURSION = YES;
				CLANG_WARN_INT_CONVERSION = YES;
				CLANG_WARN_NON_LITERAL_NULL_CONVERSION = YES;
				CLANG_WARN_OBJC_IMPLICIT_RETAIN_SELF = YES;
				CLANG_WARN_OBJC_LITERAL_CONVERSION = YES;
				CLANG_WARN_OBJC_ROOT_CLASS = YES_ERROR;
				CLANG_WARN_RANGE_LOOP_ANALYSIS = YES;
				CLANG_WARN_STRICT_PROTOTYPES = YES;
				CLANG_WARN_SUSPICIOUS_MOVE = YES;
				CLANG_WARN_UNGUARDED_AVAILABILITY = YES_AGGRESSIVE;
				CLANG_WARN_UNREACHABLE_CODE = YES;
				CLANG_WARN__DUPLICATE_METHOD_MATCH = YES;
				CODE_SIGN_IDENTITY = "iPhone Developer";
				COPY_PHASE_STRIP = NO;
				DEBUG_INFORMATION_FORMAT = dwarf;
				ENABLE_STRICT_OBJC_MSGSEND = YES;
				ENABLE_TESTABILITY = YES;
				GCC_C_LANGUAGE_STANDARD = gnu11;
				GCC_DYNAMIC_NO_PIC = NO;
				GCC_NO_COMMON_BLOCKS = YES;
				GCC_OPTIMIZATION_LEVEL = 0;
				GCC_PREPROCESSOR_DEFINITIONS = (
					"DEBUG=1",
					"$(inherited)",
				);
				GCC_WARN_64_TO_32_BIT_CONVERSION = YES;
				GCC_WARN_ABOUT_RETURN_TYPE = YES_ERROR;
				GCC_WARN_UNDECLARED_SELECTOR = YES;
				GCC_WARN_UNINITIALIZED_AUTOS = YES_AGGRESSIVE;
				GCC_WARN_UNUSED_FUNCTION = YES;
				GCC_WARN_UNUSED_VARIABLE = YES;
				IPHONEOS_DEPLOYMENT_TARGET = 9.0;
				MTL_ENABLE_DEBUG_INFO = INCLUDE_SOURCE;
				MTL_FAST_MATH = YES;
				ONLY_ACTIVE_ARCH = YES;
				SDKROOT = iphoneos;
				SWIFT_ACTIVE_COMPILATION_CONDITIONS = DEBUG;
				SWIFT_OPTIMIZATION_LEVEL = "-Onone";
			};
			name = Debug;
		};
		4DBE4A4A22E2D1330059A9BE /* Release */ = {
			isa = XCBuildConfiguration;
			buildSettings = {
				ALWAYS_SEARCH_USER_PATHS = NO;
				CLANG_ANALYZER_NONNULL = YES;
				CLANG_ANALYZER_NUMBER_OBJECT_CONVERSION = YES_AGGRESSIVE;
				CLANG_CXX_LANGUAGE_STANDARD = "gnu++14";
				CLANG_CXX_LIBRARY = "libc++";
				CLANG_ENABLE_MODULES = YES;
				CLANG_ENABLE_OBJC_ARC = YES;
				CLANG_ENABLE_OBJC_WEAK = YES;
				CLANG_WARN_BLOCK_CAPTURE_AUTORELEASING = YES;
				CLANG_WARN_BOOL_CONVERSION = YES;
				CLANG_WARN_COMMA = YES;
				CLANG_WARN_CONSTANT_CONVERSION = YES;
				CLANG_WARN_DEPRECATED_OBJC_IMPLEMENTATIONS = YES;
				CLANG_WARN_DIRECT_OBJC_ISA_USAGE = YES_ERROR;
				CLANG_WARN_DOCUMENTATION_COMMENTS = YES;
				CLANG_WARN_EMPTY_BODY = YES;
				CLANG_WARN_ENUM_CONVERSION = YES;
				CLANG_WARN_INFINITE_RECURSION = YES;
				CLANG_WARN_INT_CONVERSION = YES;
				CLANG_WARN_NON_LITERAL_NULL_CONVERSION = YES;
				CLANG_WARN_OBJC_IMPLICIT_RETAIN_SELF = YES;
				CLANG_WARN_OBJC_LITERAL_CONVERSION = YES;
				CLANG_WARN_OBJC_ROOT_CLASS = YES_ERROR;
				CLANG_WARN_RANGE_LOOP_ANALYSIS = YES;
				CLANG_WARN_STRICT_PROTOTYPES = YES;
				CLANG_WARN_SUSPICIOUS_MOVE = YES;
				CLANG_WARN_UNGUARDED_AVAILABILITY = YES_AGGRESSIVE;
				CLANG_WARN_UNREACHABLE_CODE = YES;
				CLANG_WARN__DUPLICATE_METHOD_MATCH = YES;
				CODE_SIGN_IDENTITY = "iPhone Developer";
				COPY_PHASE_STRIP = NO;
				DEBUG_INFORMATION_FORMAT = "dwarf-with-dsym";
				ENABLE_NS_ASSERTIONS = NO;
				ENABLE_STRICT_OBJC_MSGSEND = YES;
				GCC_C_LANGUAGE_STANDARD = gnu11;
				GCC_NO_COMMON_BLOCKS = YES;
				GCC_WARN_64_TO_32_BIT_CONVERSION = YES;
				GCC_WARN_ABOUT_RETURN_TYPE = YES_ERROR;
				GCC_WARN_UNDECLARED_SELECTOR = YES;
				GCC_WARN_UNINITIALIZED_AUTOS = YES_AGGRESSIVE;
				GCC_WARN_UNUSED_FUNCTION = YES;
				GCC_WARN_UNUSED_VARIABLE = YES;
				IPHONEOS_DEPLOYMENT_TARGET = 9.0;
				MTL_ENABLE_DEBUG_INFO = NO;
				MTL_FAST_MATH = YES;
				SDKROOT = iphoneos;
				SWIFT_COMPILATION_MODE = wholemodule;
				SWIFT_OPTIMIZATION_LEVEL = "-O";
				VALIDATE_PRODUCT = YES;
			};
			name = Release;
		};
		4DBE4A4C22E2D1330059A9BE /* Debug */ = {
			isa = XCBuildConfiguration;
			baseConfigurationReference = 226F092CB6DDBFD13267E1E0 /* Pods-WeatherReport.debug.xcconfig */;
			buildSettings = {
				ASSETCATALOG_COMPILER_APPICON_NAME = AppIcon;
				CLANG_ENABLE_MODULES = YES;
				CODE_SIGN_STYLE = Manual;
				DEVELOPMENT_TEAM = TPXMNBN2HM;
				INFOPLIST_FILE = WeatherReport/Info.plist;
				IPHONEOS_DEPLOYMENT_TARGET = 9.0;
				LD_RUNPATH_SEARCH_PATHS = (
					"$(inherited)",
					"@executable_path/Frameworks",
				);
				PRODUCT_BUNDLE_IDENTIFIER = com.lonch.CloudOffice.Trial;
				PRODUCT_NAME = "$(TARGET_NAME)";
				PROVISIONING_PROFILE_SPECIFIER = CloudOfficeTrial_Profile_Develop;
				SWIFT_OBJC_BRIDGING_HEADER = "WeatherReport/Resources/WeatherReport-Bridging-Header.h";
				SWIFT_OPTIMIZATION_LEVEL = "-Onone";
				SWIFT_VERSION = 4.2;
				TARGETED_DEVICE_FAMILY = "1,2";
			};
			name = Debug;
		};
		4DBE4A4D22E2D1330059A9BE /* Release */ = {
			isa = XCBuildConfiguration;
			baseConfigurationReference = DE774E922DE3F65E177E3441 /* Pods-WeatherReport.release.xcconfig */;
			buildSettings = {
				ASSETCATALOG_COMPILER_APPICON_NAME = AppIcon;
				CLANG_ENABLE_MODULES = YES;
				CODE_SIGN_STYLE = Manual;
				DEVELOPMENT_TEAM = TPXMNBN2HM;
				INFOPLIST_FILE = WeatherReport/Info.plist;
				IPHONEOS_DEPLOYMENT_TARGET = 9.0;
				LD_RUNPATH_SEARCH_PATHS = (
					"$(inherited)",
					"@executable_path/Frameworks",
				);
				PRODUCT_BUNDLE_IDENTIFIER = com.lonch.CloudOffice.Trial;
				PRODUCT_NAME = "$(TARGET_NAME)";
				PROVISIONING_PROFILE_SPECIFIER = CloudOfficeTrial_Profile_Develop;
				SWIFT_OBJC_BRIDGING_HEADER = "WeatherReport/Resources/WeatherReport-Bridging-Header.h";
				SWIFT_VERSION = 4.2;
				TARGETED_DEVICE_FAMILY = "1,2";
			};
			name = Release;
		};
		4DBE4A4F22E2D1330059A9BE /* Debug */ = {
			isa = XCBuildConfiguration;
			baseConfigurationReference = 6169A39EE82487EDE6CD6F11 /* Pods-WeatherReportTests.debug.xcconfig */;
			buildSettings = {
				ALWAYS_EMBED_SWIFT_STANDARD_LIBRARIES = YES;
				BUNDLE_LOADER = "$(TEST_HOST)";
				CODE_SIGN_STYLE = Automatic;
				DEVELOPMENT_TEAM = SG45W6N9HH;
				INFOPLIST_FILE = WeatherReportTests/Info.plist;
				LD_RUNPATH_SEARCH_PATHS = (
					"$(inherited)",
					"@executable_path/Frameworks",
					"@loader_path/Frameworks",
				);
				PRODUCT_BUNDLE_IDENTIFIER = com.testOrg.www.WeatherReportTests;
				PRODUCT_NAME = "$(TARGET_NAME)";
				SWIFT_VERSION = 4.2;
				TARGETED_DEVICE_FAMILY = "1,2";
				TEST_HOST = "$(BUILT_PRODUCTS_DIR)/WeatherReport.app/WeatherReport";
			};
			name = Debug;
		};
		4DBE4A5022E2D1330059A9BE /* Release */ = {
			isa = XCBuildConfiguration;
			baseConfigurationReference = 09CED2631F00F8B0DE8867FA /* Pods-WeatherReportTests.release.xcconfig */;
			buildSettings = {
				ALWAYS_EMBED_SWIFT_STANDARD_LIBRARIES = YES;
				BUNDLE_LOADER = "$(TEST_HOST)";
				CODE_SIGN_STYLE = Automatic;
				DEVELOPMENT_TEAM = SG45W6N9HH;
				INFOPLIST_FILE = WeatherReportTests/Info.plist;
				LD_RUNPATH_SEARCH_PATHS = (
					"$(inherited)",
					"@executable_path/Frameworks",
					"@loader_path/Frameworks",
				);
				PRODUCT_BUNDLE_IDENTIFIER = com.testOrg.www.WeatherReportTests;
				PRODUCT_NAME = "$(TARGET_NAME)";
				SWIFT_VERSION = 4.2;
				TARGETED_DEVICE_FAMILY = "1,2";
				TEST_HOST = "$(BUILT_PRODUCTS_DIR)/WeatherReport.app/WeatherReport";
			};
			name = Release;
		};
		4DBE4A5222E2D1330059A9BE /* Debug */ = {
			isa = XCBuildConfiguration;
			baseConfigurationReference = B1D8D70CC9E0EAFB2480B693 /* Pods-WeatherReportUITests.debug.xcconfig */;
			buildSettings = {
				ALWAYS_EMBED_SWIFT_STANDARD_LIBRARIES = YES;
				CODE_SIGN_STYLE = Automatic;
				DEVELOPMENT_TEAM = SG45W6N9HH;
				INFOPLIST_FILE = WeatherReportUITests/Info.plist;
				LD_RUNPATH_SEARCH_PATHS = (
					"$(inherited)",
					"@executable_path/Frameworks",
					"@loader_path/Frameworks",
				);
				PRODUCT_BUNDLE_IDENTIFIER = com.testOrg.www.WeatherReportUITests;
				PRODUCT_NAME = "$(TARGET_NAME)";
				SWIFT_VERSION = 4.2;
				TARGETED_DEVICE_FAMILY = "1,2";
				TEST_TARGET_NAME = WeatherReport;
			};
			name = Debug;
		};
		4DBE4A5322E2D1330059A9BE /* Release */ = {
			isa = XCBuildConfiguration;
			baseConfigurationReference = 3C502015F8A290560167204F /* Pods-WeatherReportUITests.release.xcconfig */;
			buildSettings = {
				ALWAYS_EMBED_SWIFT_STANDARD_LIBRARIES = YES;
				CODE_SIGN_STYLE = Automatic;
				DEVELOPMENT_TEAM = SG45W6N9HH;
				INFOPLIST_FILE = WeatherReportUITests/Info.plist;
				LD_RUNPATH_SEARCH_PATHS = (
					"$(inherited)",
					"@executable_path/Frameworks",
					"@loader_path/Frameworks",
				);
				PRODUCT_BUNDLE_IDENTIFIER = com.testOrg.www.WeatherReportUITests;
				PRODUCT_NAME = "$(TARGET_NAME)";
				SWIFT_VERSION = 4.2;
				TARGETED_DEVICE_FAMILY = "1,2";
				TEST_TARGET_NAME = WeatherReport;
			};
			name = Release;
		};
/* End XCBuildConfiguration section */

/* Begin XCConfigurationList section */
		4DBE4A1E22E2D12E0059A9BE /* Build configuration list for PBXProject "WeatherReport" */ = {
			isa = XCConfigurationList;
			buildConfigurations = (
				4DBE4A4922E2D1330059A9BE /* Debug */,
				4DBE4A4A22E2D1330059A9BE /* Release */,
			);
			defaultConfigurationIsVisible = 0;
			defaultConfigurationName = Release;
		};
		4DBE4A4B22E2D1330059A9BE /* Build configuration list for PBXNativeTarget "WeatherReport" */ = {
			isa = XCConfigurationList;
			buildConfigurations = (
				4DBE4A4C22E2D1330059A9BE /* Debug */,
				4DBE4A4D22E2D1330059A9BE /* Release */,
			);
			defaultConfigurationIsVisible = 0;
			defaultConfigurationName = Release;
		};
		4DBE4A4E22E2D1330059A9BE /* Build configuration list for PBXNativeTarget "WeatherReportTests" */ = {
			isa = XCConfigurationList;
			buildConfigurations = (
				4DBE4A4F22E2D1330059A9BE /* Debug */,
				4DBE4A5022E2D1330059A9BE /* Release */,
			);
			defaultConfigurationIsVisible = 0;
			defaultConfigurationName = Release;
		};
		4DBE4A5122E2D1330059A9BE /* Build configuration list for PBXNativeTarget "WeatherReportUITests" */ = {
			isa = XCConfigurationList;
			buildConfigurations = (
				4DBE4A5222E2D1330059A9BE /* Debug */,
				4DBE4A5322E2D1330059A9BE /* Release */,
			);
			defaultConfigurationIsVisible = 0;
			defaultConfigurationName = Release;
		};
/* End XCConfigurationList section */
	};
	rootObject = 4DBE4A1B22E2D12E0059A9BE /* Project object */;
}
